
Microsoft Visual Studio Solution File, Format Version 12.00
# Visual Studio Version 17
VisualStudioVersion = 17.7.34031.279
MinimumVisualStudioVersion = 10.0.40219.1
Project("{FAE04EC0-301F-11D3-BF4B-00C04F79EFBC}") = "Section8_1.12", "Section8_1.12\Section8_1.12.csproj", "{B02F5E08-BE55-41DB-8C6C-E401A3926FB7}"
EndProject
Project("{FAE04EC0-301F-11D3-BF4B-00C04F79EFBC}") = "QueueLibrary", "QueueLibrary\QueueLibrary.csproj", "{F7259FAC-0D0B-4F3E-84AF-5A8E0C7C1DB3}"
EndProject
Global
	GlobalSection(SolutionConfigurationPlatforms) = preSolution
		Debug|Any CPU = Debug|Any CPU
		Release|Any CPU = Release|Any CPU
	EndGlobalSection
	GlobalSection(ProjectConfigurationPlatforms) = postSolution
		{B02F5E08-BE55-41DB-8C6C-E401A3926FB7}.Debug|Any CPU.ActiveCfg = Debug|Any CPU
		{B02F5E08-BE55-41DB-8C6C-E401A3926FB7}.Debug|Any CPU.Build.0 = Debug|Any CPU
		{B02F5E08-BE55-41DB-8C6C-E401A3926FB7}.Release|Any CPU.ActiveCfg = Release|Any CPU
		{B02F5E08-BE55-41DB-8C6C-E401A3926FB7}.Release|Any CPU.Build.0 = Release|Any CPU
		{F7259FAC-0D0B-4F3E-84AF-5A8E0C7C1DB3}.Debug|Any CPU.ActiveCfg = Debug|Any CPU
		{F7259FAC-0D0B-4F3E-84AF-5A8E0C7C1DB3}.Debug|Any CPU.Build.0 = Debug|Any CPU
		{F7259FAC-0D0B-4F3E-84AF-5A8E0C7C1DB3}.Release|Any CPU.ActiveCfg = Release|Any CPU
		{F7259FAC-0D0B-4F3E-84AF-5A8E0C7C1DB3}.Release|Any CPU.Build.0 = Release|Any CPU
	EndGlobalSection
	GlobalSection(SolutionProperties) = preSolution
		HideSolutionNode = FALSE
	EndGlobalSection
	GlobalSection(ExtensibilityGlobals) = postSolution
		SolutionGuid = {7B64F8E8-A06B-4AC5-B919-DEA75406B021}
	EndGlobalSection
EndGlobal
